{
  "nodes": {
    "fenix": {
      "inputs": {
        "nixpkgs": [
          "nixrik",
          "ridal",
          "nixpkgs"
        ],
        "rust-analyzer-src": "rust-analyzer-src"
      },
      "locked": {
        "lastModified": 1776153734,
        "narHash": "sha256-QvkVX4Go+BnNgQQLc5Ma3WNBZOG5Jpdqsy8Ri0/CbSQ=",
        "owner": "nix-community",
        "repo": "fenix",
        "rev": "a8b0e62fb39299fbeb1aa365f4b57e2c258a178e",
        "type": "github"
      },
      "original": {
        "owner": "nix-community",
        "repo": "fenix",
        "type": "github"
      }
    },
    "flake-utils": {
      "inputs": {
        "systems": "systems"
      },
      "locked": {
        "lastModified": 1731533236,
        "narHash": "sha256-l0KFg5HjrsfsO/JpG+r7fRrqm12kzFHyUHqHCVpMMbI=",
        "owner": "numtide",
        "repo": "flake-utils",
        "rev": "11707dc2f618dd54ca8739b309ec4fc024de578b",
        "type": "github"
      },
      "original": {
        "owner": "numtide",
        "repo": "flake-utils",
        "type": "github"
      }
    },
    "nixpkgs": {
      "locked": {
        "lastModified": 1739446958,
        "narHash": "sha256-+/bYK3DbPxMIvSL4zArkMX0LQvS7rzBKXnDXLfKyRVc=",
        "owner": "NixOS",
        "repo": "nixpkgs",
        "rev": "2ff53fe64443980e139eaa286017f53f88336dd0",
        "type": "github"
      },
      "original": {
        "id": "nixpkgs",
        "ref": "nixos-unstable",
        "type": "indirect"
      }
    },
    "nixpkgs_2": {
      "locked": {
        "lastModified": 1775811116,
        "narHash": "sha256-t+HZK42pB6N+i5RGbuy7Xluez/VvWbembBdvzsc23Ss=",
        "owner": "NixOS",
        "repo": "nixpkgs",
        "rev": "54170c54449ea4d6725efd30d719c5e505f1c10e",
        "type": "github"
      },
      "original": {
        "owner": "NixOS",
        "ref": "nixos-25.11",
        "repo": "nixpkgs",
        "type": "github"
      }
    },
    "nixrik": {
      "inputs": {
        "nixpkgs": [
          "nixpkgs"
        ],
        "ridal": "ridal"
      },
      "locked": {
        "lastModified": 1790330296,
        "narHash": "sha256-Db6mL7HtxJdEx4tHsxc5Q2xduRpjqwOU6s5VaEpLv0Q=",
        "owner": "erikmannerfelt",
        "repo": "nixrik",
        "rev": "c3494db8c8c8983bae447607140a7abecdb06348",
        "type": "gitlab"
      },
      "original": {
        "owner": "erikmannerfelt",
        "repo": "nixrik",
        "type": "gitlab"
      }
    },
    "ridal": {
      "inputs": {
        "fenix": "fenix",
        "flake-utils": "flake-utils",
        "nixpkgs": "nixpkgs_2"
      },
      "locked": {
        "lastModified": 1789572788,
        "narHash": "sha256-+ND+GJ/LzABZASV5Gtw+YlKqOze0lIkiets12O4+0Q0=",
        "owner": "erikmannerfelt",
        "repo": "ridal",
        "rev": "d63ec4146492df6c73433c2a264da60f87f900ea",
        "type": "github"
      },
      "original": {
        "owner": "erikmannerfelt",
        "repo": "ridal",
        "type": "github"
      }
    },
    "root": {
      "inputs": {
        "nixpkgs": "nixpkgs",
        "nixrik": "nixrik"
      }
    },
    "rust-analyzer-src": {
      "flake": false,
      "locked": {
        "lastModified": 1776115521,
        "narHash": "sha256-N/R1//Xd8vr84LtyTy8CVz7V2n9NJXXlJEODSunLE9c=",
        "owner": "rust-lang",
        "repo": "rust-analyzer",
        "rev": "5205b52ea60dd49c7e33dd2ad1a3e7ef55bb30ec",
        "type": "github"
      },
      "original": {
        "owner": "rust-lang",
        "ref": "nightly",
        "repo": "rust-analyzer",
        "type": "github"
      }
    },
    "systems": {
      "locked": {
        "lastModified": 1681028828,
        "narHash": "sha256-Vy1rq5AaRuLzOxct8nz4T6wlgyUR7zLU309k9mBC768=",
        "owner": "nix-systems",
        "repo": "default",
        "rev": "da67096a3b9bf56a91d16901293e51ba5b49a27e",
        "type": "github"
      },
      "original": {
        "owner": "nix-systems",
        "repo": "default",
        "type": "github"
      }
    }
  },
  "root": "root",
  "version": 7
}
